
Microsoft Visual Studio Solution File, Format Version 12.00
# Visual Studio 15
VisualStudioVersion = 15.0.28307.489
MinimumVisualStudioVersion = 10.0.40219.1
Project("{FAE04EC0-301F-11D3-BF4B-00C04F79EFBC}") = "VideoQuickstart", "VideoQuickstart\VideoQuickstart.csproj", "{B49B870C-1522-4699-94DF-E153B3F25F5C}"
EndProject
Project("{FAE04EC0-301F-11D3-BF4B-00C04F79EFBC}") = "ConsoleAppVideo", "ConsoleAppVideo\ConsoleAppVideo.csproj", "{EBC90F54-8CD8-49B0-AFC6-C5C99C5DC58E}"
EndProject
Project("{FAE04EC0-301F-11D3-BF4B-00C04F79EFBC}") = "Tokbox", "Tokbox\Tokbox.csproj", "{C0BDFBAF-82D9-44DC-B084-BB13372B0BD1}"
EndProject
Global
	GlobalSection(SolutionConfigurationPlatforms) = preSolution
		Debug|Any CPU = Debug|Any CPU
		Release|Any CPU = Release|Any CPU
	EndGlobalSection
	GlobalSection(ProjectConfigurationPlatforms) = postSolution
		{B49B870C-1522-4699-94DF-E153B3F25F5C}.Debug|Any CPU.ActiveCfg = Debug|Any CPU
		{B49B870C-1522-4699-94DF-E153B3F25F5C}.Debug|Any CPU.Build.0 = Debug|Any CPU
		{B49B870C-1522-4699-94DF-E153B3F25F5C}.Release|Any CPU.ActiveCfg = Release|Any CPU
		{B49B870C-1522-4699-94DF-E153B3F25F5C}.Release|Any CPU.Build.0 = Release|Any CPU
		{EBC90F54-8CD8-49B0-AFC6-C5C99C5DC58E}.Debug|Any CPU.ActiveCfg = Debug|Any CPU
		{EBC90F54-8CD8-49B0-AFC6-C5C99C5DC58E}.Debug|Any CPU.Build.0 = Debug|Any CPU
		{EBC90F54-8CD8-49B0-AFC6-C5C99C5DC58E}.Release|Any CPU.ActiveCfg = Release|Any CPU
		{EBC90F54-8CD8-49B0-AFC6-C5C99C5DC58E}.Release|Any CPU.Build.0 = Release|Any CPU
		{C0BDFBAF-82D9-44DC-B084-BB13372B0BD1}.Debug|Any CPU.ActiveCfg = Debug|Any CPU
		{C0BDFBAF-82D9-44DC-B084-BB13372B0BD1}.Debug|Any CPU.Build.0 = Debug|Any CPU
		{C0BDFBAF-82D9-44DC-B084-BB13372B0BD1}.Release|Any CPU.ActiveCfg = Release|Any CPU
		{C0BDFBAF-82D9-44DC-B084-BB13372B0BD1}.Release|Any CPU.Build.0 = Release|Any CPU
	EndGlobalSection
	GlobalSection(SolutionProperties) = preSolution
		HideSolutionNode = FALSE
	EndGlobalSection
	GlobalSection(ExtensibilityGlobals) = postSolution
		SolutionGuid = {A4BCBF1A-5683-41F3-8FD9-AB948112A9F4}
	EndGlobalSection
EndGlobal
